
Microsoft Visual Studio Solution File, Format Version 12.00
# Visual Studio Version 17
VisualStudioVersion = 17.0.32112.339
MinimumVisualStudioVersion = 10.0.40219.1
Project("{2150E333-8FDC-42A3-9474-1A3956D46DE8}") = "1 - API", "1 - API", "{FDE4C4C8-01FB-47BA-928F-6AE4D6B382BB}"
EndProject
Project("{2150E333-8FDC-42A3-9474-1A3956D46DE8}") = "2 - Aplicacao", "2 - Aplicacao", "{F3B65F5A-C2F9-43F3-8DFC-BCE1344EA034}"
EndProject
Project("{2150E333-8FDC-42A3-9474-1A3956D46DE8}") = "3 - Dominio", "3 - Dominio", "{A43B18BF-2193-4D69-A25E-ECA08A66DDD8}"
EndProject
Project("{2150E333-8FDC-42A3-9474-1A3956D46DE8}") = "4 - InfraEstrutura", "4 - InfraEstrutura", "{270A30BD-58D4-4077-9172-8D72798E2609}"
EndProject
Project("{2150E333-8FDC-42A3-9474-1A3956D46DE8}") = "5 - Entidades", "5 - Entidades", "{2069E656-EE3F-4C07-84A9-0190965DB519}"
EndProject
Project("{2150E333-8FDC-42A3-9474-1A3956D46DE8}") = "6 - Testes", "6 - Testes", "{FB22EFC3-D18C-4986-A8B8-9440148FF785}"
EndProject
Project("{9A19103F-16F7-4668-BE54-9A1E7A4F7556}") = "InfraEstrutura", "InfraEstrutura\InfraEstrutura.csproj", "{F432C50E-E9DC-4ED9-9B84-3DDE56D2FA0D}"
EndProject
Project("{9A19103F-16F7-4668-BE54-9A1E7A4F7556}") = "Entidades", "Entidades\Entidades.csproj", "{3AF12CCC-3873-45D9-912C-8B906AF63353}"
EndProject
Project("{9A19103F-16F7-4668-BE54-9A1E7A4F7556}") = "Dominio", "Dominio\Dominio.csproj", "{768DAB9B-D19A-4F20-8BF6-E10F7C34939B}"
EndProject
Project("{FAE04EC0-301F-11D3-BF4B-00C04F79EFBC}") = "DietDay", "DietDay\DietDay.csproj", "{8DF43BD1-C564-4376-AB21-A2F8B61FB003}"
EndProject
Global
	GlobalSection(SolutionConfigurationPlatforms) = preSolution
		Debug|Any CPU = Debug|Any CPU
		Release|Any CPU = Release|Any CPU
	EndGlobalSection
	GlobalSection(ProjectConfigurationPlatforms) = postSolution
		{F432C50E-E9DC-4ED9-9B84-3DDE56D2FA0D}.Debug|Any CPU.ActiveCfg = Debug|Any CPU
		{F432C50E-E9DC-4ED9-9B84-3DDE56D2FA0D}.Debug|Any CPU.Build.0 = Debug|Any CPU
		{F432C50E-E9DC-4ED9-9B84-3DDE56D2FA0D}.Release|Any CPU.ActiveCfg = Release|Any CPU
		{F432C50E-E9DC-4ED9-9B84-3DDE56D2FA0D}.Release|Any CPU.Build.0 = Release|Any CPU
		{3AF12CCC-3873-45D9-912C-8B906AF63353}.Debug|Any CPU.ActiveCfg = Debug|Any CPU
		{3AF12CCC-3873-45D9-912C-8B906AF63353}.Debug|Any CPU.Build.0 = Debug|Any CPU
		{3AF12CCC-3873-45D9-912C-8B906AF63353}.Release|Any CPU.ActiveCfg = Release|Any CPU
		{3AF12CCC-3873-45D9-912C-8B906AF63353}.Release|Any CPU.Build.0 = Release|Any CPU
		{768DAB9B-D19A-4F20-8BF6-E10F7C34939B}.Debug|Any CPU.ActiveCfg = Debug|Any CPU
		{768DAB9B-D19A-4F20-8BF6-E10F7C34939B}.Debug|Any CPU.Build.0 = Debug|Any CPU
		{768DAB9B-D19A-4F20-8BF6-E10F7C34939B}.Release|Any CPU.ActiveCfg = Release|Any CPU
		{768DAB9B-D19A-4F20-8BF6-E10F7C34939B}.Release|Any CPU.Build.0 = Release|Any CPU
		{8DF43BD1-C564-4376-AB21-A2F8B61FB003}.Debug|Any CPU.ActiveCfg = Debug|Any CPU
		{8DF43BD1-C564-4376-AB21-A2F8B61FB003}.Debug|Any CPU.Build.0 = Debug|Any CPU
		{8DF43BD1-C564-4376-AB21-A2F8B61FB003}.Release|Any CPU.ActiveCfg = Release|Any CPU
		{8DF43BD1-C564-4376-AB21-A2F8B61FB003}.Release|Any CPU.Build.0 = Release|Any CPU
	EndGlobalSection
	GlobalSection(SolutionProperties) = preSolution
		HideSolutionNode = FALSE
	EndGlobalSection
	GlobalSection(NestedProjects) = preSolution
		{F432C50E-E9DC-4ED9-9B84-3DDE56D2FA0D} = {270A30BD-58D4-4077-9172-8D72798E2609}
		{3AF12CCC-3873-45D9-912C-8B906AF63353} = {2069E656-EE3F-4C07-84A9-0190965DB519}
		{768DAB9B-D19A-4F20-8BF6-E10F7C34939B} = {A43B18BF-2193-4D69-A25E-ECA08A66DDD8}
		{8DF43BD1-C564-4376-AB21-A2F8B61FB003} = {FDE4C4C8-01FB-47BA-928F-6AE4D6B382BB}
	EndGlobalSection
	GlobalSection(ExtensibilityGlobals) = postSolution
		SolutionGuid = {CF2F6A91-B917-472E-A270-F0FADDF082DB}
	EndGlobalSection
EndGlobal
